
Microsoft Visual Studio Solution File, Format Version 12.00
# Visual Studio Version 17
VisualStudioVersion = 17.7.34024.191
MinimumVisualStudioVersion = 10.0.40219.1
Project("{FAE04EC0-301F-11D3-BF4B-00C04F79EFBC}") = "Roguelike", "Roguelike\Roguelike.csproj", "{B432B2A5-DE23-4C50-8AA8-06E253720C90}"
EndProject
Global
	GlobalSection(SolutionConfigurationPlatforms) = preSolution
		Debug|Any CPU = Debug|Any CPU
		Release|Any CPU = Release|Any CPU
	EndGlobalSection
	GlobalSection(ProjectConfigurationPlatforms) = postSolution
		{B432B2A5-DE23-4C50-8AA8-06E253720C90}.Debug|Any CPU.ActiveCfg = Debug|Any CPU
		{B432B2A5-DE23-4C50-8AA8-06E253720C90}.Debug|Any CPU.Build.0 = Debug|Any CPU
		{B432B2A5-DE23-4C50-8AA8-06E253720C90}.Release|Any CPU.ActiveCfg = Release|Any CPU
		{B432B2A5-DE23-4C50-8AA8-06E253720C90}.Release|Any CPU.Build.0 = Release|Any CPU
	EndGlobalSection
	GlobalSection(SolutionProperties) = preSolution
		HideSolutionNode = FALSE
	EndGlobalSection
	GlobalSection(ExtensibilityGlobals) = postSolution
		SolutionGuid = {986158F8-2BC2-4B51-B7C6-7C42FBD9437D}
	EndGlobalSection
EndGlobal
